
Microsoft Visual Studio Solution File, Format Version 12.00
# Visual Studio Version 16
VisualStudioVersion = 16.0.30611.23
MinimumVisualStudioVersion = 10.0.40219.1
Project("{FAE04EC0-301F-11D3-BF4B-00C04F79EFBC}") = "Pisica_Catalin_Lab2", "Pisica_Catalin_Lab2.csproj", "{D3AC71A4-7641-416A-A49E-9B70DF25EE07}"
EndProject
Global
	GlobalSection(SolutionConfigurationPlatforms) = preSolution
		Debug|Any CPU = Debug|Any CPU
		Release|Any CPU = Release|Any CPU
	EndGlobalSection
	GlobalSection(ProjectConfigurationPlatforms) = postSolution
		{D3AC71A4-7641-416A-A49E-9B70DF25EE07}.Debug|Any CPU.ActiveCfg = Debug|Any CPU
		{D3AC71A4-7641-416A-A49E-9B70DF25EE07}.Debug|Any CPU.Build.0 = Debug|Any CPU
		{D3AC71A4-7641-416A-A49E-9B70DF25EE07}.Release|Any CPU.ActiveCfg = Release|Any CPU
		{D3AC71A4-7641-416A-A49E-9B70DF25EE07}.Release|Any CPU.Build.0 = Release|Any CPU
	EndGlobalSection
	GlobalSection(SolutionProperties) = preSolution
		HideSolutionNode = FALSE
	EndGlobalSection
	GlobalSection(ExtensibilityGlobals) = postSolution
		SolutionGuid = {51E5C830-AB7D-4187-BAEC-F3677A74B63E}
	EndGlobalSection
EndGlobal
